Microsoft Visual Studio Solution File, Format Version 12.00
# Visual Studio Version 16
VisualStudioVersion = 16.0.29920.165
MinimumVisualStudioVersion = 10.0.40219.1
Project("{9A19103F-16F7-4668-BE54-9A1E7A4F7556}") = "DragonflySchema", "src\DragonflySchema\DragonflySchema.csproj", "{F538E302-ABB3-49D6-BBB5-9ACB4C70001B}"
EndProject
Project("{9A19103F-16F7-4668-BE54-9A1E7A4F7556}") = "DragonflySchema.Test", "src\DragonflySchema.Tests\DragonflySchema.Test.csproj", "{AEBE9144-6F89-4A78-976C-6E608E44FA83}"
EndProject
Global
	GlobalSection(SolutionConfigurationPlatforms) = preSolution
		Debug|Any CPU = Debug|Any CPU
		Release|Any CPU = Release|Any CPU
	EndGlobalSection
	GlobalSection(ProjectConfigurationPlatforms) = postSolution
		{F538E302-ABB3-49D6-BBB5-9ACB4C70001B}.Debug|Any CPU.ActiveCfg = Debug|Any CPU
		{F538E302-ABB3-49D6-BBB5-9ACB4C70001B}.Debug|Any CPU.Build.0 = Debug|Any CPU
		{F538E302-ABB3-49D6-BBB5-9ACB4C70001B}.Release|Any CPU.ActiveCfg = Release|Any CPU
		{F538E302-ABB3-49D6-BBB5-9ACB4C70001B}.Release|Any CPU.Build.0 = Release|Any CPU
		{AEBE9144-6F89-4A78-976C-6E608E44FA83}.Debug|Any CPU.ActiveCfg = Debug|Any CPU
		{AEBE9144-6F89-4A78-976C-6E608E44FA83}.Debug|Any CPU.Build.0 = Debug|Any CPU
		{AEBE9144-6F89-4A78-976C-6E608E44FA83}.Release|Any CPU.ActiveCfg = Release|Any CPU
		{AEBE9144-6F89-4A78-976C-6E608E44FA83}.Release|Any CPU.Build.0 = Release|Any CPU
	EndGlobalSection
	GlobalSection(SolutionProperties) = preSolution
		HideSolutionNode = FALSE
	EndGlobalSection
	GlobalSection(ExtensibilityGlobals) = postSolution
		SolutionGuid = {ADACB56C-5593-4C04-B241-9F5625D92FE7}
	EndGlobalSection
EndGlobal
